
Microsoft Visual Studio Solution File, Format Version 12.00
# Visual Studio 2012
Project("{2857B73E-F847-4B02-9238-064979017E93}") = "SkyEngine", "SkyEngine\SkyEngine.cproj", "{003B3EF0-2756-4F3A-8D25-DA747D9520CF}"
EndProject
Global
	GlobalSection(SolutionConfigurationPlatforms) = preSolution
		Debug|Any CPU = Debug|Any CPU
		Release|Any CPU = Release|Any CPU
	EndGlobalSection
	GlobalSection(ProjectConfigurationPlatforms) = postSolution
		{003B3EF0-2756-4F3A-8D25-DA747D9520CF}.Debug|Any CPU.ActiveCfg = Debug|Any CPU
		{003B3EF0-2756-4F3A-8D25-DA747D9520CF}.Debug|Any CPU.Build.0 = Debug|Any CPU
		{003B3EF0-2756-4F3A-8D25-DA747D9520CF}.Release|Any CPU.ActiveCfg = Release|Any CPU
		{003B3EF0-2756-4F3A-8D25-DA747D9520CF}.Release|Any CPU.Build.0 = Release|Any CPU
	EndGlobalSection
EndGlobal
